
Microsoft Visual Studio Solution File, Format Version 12.00
# Visual Studio Version 17
VisualStudioVersion = 17.6.33723.286
MinimumVisualStudioVersion = 10.0.40219.1
Project("{FAE04EC0-301F-11D3-BF4B-00C04F79EFBC}") = "exercicioAula08-Casa", "exercicioAula08-Casa.csproj", "{0C630C98-77C7-4B13-9438-DA1D8E64326F}"
EndProject
Global
	GlobalSection(SolutionConfigurationPlatforms) = preSolution
		Debug|Any CPU = Debug|Any CPU
		Release|Any CPU = Release|Any CPU
	EndGlobalSection
	GlobalSection(ProjectConfigurationPlatforms) = postSolution
		{0C630C98-77C7-4B13-9438-DA1D8E64326F}.Debug|Any CPU.ActiveCfg = Debug|Any CPU
		{0C630C98-77C7-4B13-9438-DA1D8E64326F}.Debug|Any CPU.Build.0 = Debug|Any CPU
		{0C630C98-77C7-4B13-9438-DA1D8E64326F}.Release|Any CPU.ActiveCfg = Release|Any CPU
		{0C630C98-77C7-4B13-9438-DA1D8E64326F}.Release|Any CPU.Build.0 = Release|Any CPU
	EndGlobalSection
	GlobalSection(SolutionProperties) = preSolution
		HideSolutionNode = FALSE
	EndGlobalSection
	GlobalSection(ExtensibilityGlobals) = postSolution
		SolutionGuid = {3889ABC8-68EA-4D9C-9C3A-42D63FC5BE3F}
	EndGlobalSection
EndGlobal
